
Microsoft Visual Studio Solution File, Format Version 12.00
# Visual Studio 15
VisualStudioVersion = 15.0.27428.2027
MinimumVisualStudioVersion = 10.0.40219.1
Project("{FAE04EC0-301F-11D3-BF4B-00C04F79EFBC}") = "SignalRMVC", "SignalRMVC\SignalRMVC.csproj", "{819FAE5F-E38D-40EC-9007-7D5682BA2DAF}"
EndProject
Global
	GlobalSection(SolutionConfigurationPlatforms) = preSolution
		Debug|Any CPU = Debug|Any CPU
		Release|Any CPU = Release|Any CPU
	EndGlobalSection
	GlobalSection(ProjectConfigurationPlatforms) = postSolution
		{819FAE5F-E38D-40EC-9007-7D5682BA2DAF}.Debug|Any CPU.ActiveCfg = Debug|Any CPU
		{819FAE5F-E38D-40EC-9007-7D5682BA2DAF}.Debug|Any CPU.Build.0 = Debug|Any CPU
		{819FAE5F-E38D-40EC-9007-7D5682BA2DAF}.Release|Any CPU.ActiveCfg = Release|Any CPU
		{819FAE5F-E38D-40EC-9007-7D5682BA2DAF}.Release|Any CPU.Build.0 = Release|Any CPU
	EndGlobalSection
	GlobalSection(SolutionProperties) = preSolution
		HideSolutionNode = FALSE
	EndGlobalSection
	GlobalSection(ExtensibilityGlobals) = postSolution
		SolutionGuid = {9B5B666D-0ACA-4490-BC28-59C10F26C03B}
	EndGlobalSection
EndGlobal
